{
  "version": 4,
  "terraform_version": "1.15.8",
  "serial": 25,
  "lineage": "4f09fd4f-be0f-270a-abb3-d48c11b6ea2c",
  "outputs": {
    "artifact_repository_id": {
      "value": "java-apps",
      "type": "string"
    },
    "cluster_name": {
      "value": "apigeex-gke",
      "type": "string"
    },
    "network_id": {
      "value": "projects/apigeex-platform-dev/global/networks/apigeex-vpc",
      "type": "string"
    },
    "node_pool_name": {
      "value": "primary-pool",
      "type": "string"
    },
    "proxy_subnet_name": {
      "value": "gke-gateway-proxy-only-subnet",
      "type": "string"
    },
    "subnet_name": {
      "value": "apigeex-subnet",
      "type": "string"
    },
    "vpc_name": {
      "value": "apigeex-vpc",
      "type": "string"
    }
  },
  "resources": [
    {
      "module": "module.apigee",
      "mode": "managed",
      "type": "google_apigee_envgroup",
      "name": "envgroup",
      "provider": "provider[\"registry.terraform.io/hashicorp/google\"]",
      "instances": [
        {
          "schema_version": 0,
          "attributes": {
            "deletion_policy": "DELETE",
            "hostnames": [
              "api.dev.example.com"
            ],
            "id": "organizations/apigeex-platform-dev/envgroups/dev-group",
            "name": "dev-group",
            "org_id": "organizations/apigeex-platform-dev",
            "timeouts": null
          },
          "sensitive_attributes": [],
          "identity_schema_version": 1,
          "identity": {
            "name": "dev-group",
            "org_id": "organizations/apigeex-platform-dev"
          },
          "private": "eyJlMmJmYjczMC1lY2FhLTExZTYtOGY4OC0zNDM2M2JjN2M0YzAiOnsiY3JlYXRlIjoxODAwMDAwMDAwMDAwLCJkZWxldGUiOjE4MDAwMDAwMDAwMDAsInVwZGF0ZSI6MTIwMDAwMDAwMDAwMH19",
          "dependencies": [
            "module.apigee.google_apigee_organization.org",
            "module.network.google_compute_global_address.psa_range",
            "module.network.google_compute_network.vpc",
            "module.network.google_compute_subnetwork.proxy_only_subnet",
            "module.network.google_compute_subnetwork.subnet",
            "module.network.google_service_networking_connection.private_vpc_connection",
            "module.project_services.google_project_service.services"
          ]
        }
      ]
    },
    {
      "module": "module.apigee",
      "mode": "managed",
      "type": "google_apigee_envgroup_attachment",
      "name": "envgroup_attachment",
      "provider": "provider[\"registry.terraform.io/hashicorp/google\"]",
      "instances": [
        {
          "schema_version": 0,
          "attributes": {
            "deletion_policy": "DELETE",
            "envgroup_id": "organizations/apigeex-platform-dev/envgroups/dev-group",
            "environment": "dev",
            "id": "organizations/apigeex-platform-dev/envgroups/dev-group/attachments/c28ac4cb-1c58-45ba-b65b-f9bec6d03699",
            "name": "c28ac4cb-1c58-45ba-b65b-f9bec6d03699",
            "timeouts": null
          },
          "sensitive_attributes": [],
          "identity_schema_version": 1,
          "identity": {
            "envgroup_id": "organizations/apigeex-platform-dev/envgroups/dev-group",
            "name": "c28ac4cb-1c58-45ba-b65b-f9bec6d03699"
          },
          "private": "eyJlMmJmYjczMC1lY2FhLTExZTYtOGY4OC0zNDM2M2JjN2M0YzAiOnsiY3JlYXRlIjoxODAwMDAwMDAwMDAwLCJkZWxldGUiOjE4MDAwMDAwMDAwMDB9fQ==",
          "dependencies": [
            "module.apigee.google_apigee_envgroup.envgroup",
            "module.apigee.google_apigee_environment.environment",
            "module.apigee.google_apigee_organization.org",
            "module.network.google_compute_global_address.psa_range",
            "module.network.google_compute_network.vpc",
            "module.network.google_compute_subnetwork.proxy_only_subnet",
            "module.network.google_compute_subnetwork.subnet",
            "module.network.google_service_networking_connection.private_vpc_connection",
            "module.project_services.google_project_service.services"
          ]
        }
      ]
    },
    {
      "module": "module.apigee",
      "mode": "managed",
      "type": "google_apigee_environment",
      "name": "environment",
      "provider": "provider[\"registry.terraform.io/hashicorp/google\"]",
      "instances": [
        {
          "schema_version": 0,
          "attributes": {
            "api_proxy_type": "PROGRAMMABLE",
            "client_ip_resolution_config": [],
            "deletion_policy": "DELETE",
            "deployment_type": "PROXY",
            "description": "",
            "display_name": "",
            "forward_proxy_uri": "",
            "id": "organizations/apigeex-platform-dev/environments/dev",
            "name": "dev",
            "node_config": [],
            "org_id": "organizations/apigeex-platform-dev",
            "properties": [],
            "timeouts": null,
            "type": ""
          },
          "sensitive_attributes": [],
          "identity_schema_version": 1,
          "identity": {
            "name": "dev",
            "org_id": "organizations/apigeex-platform-dev"
          },
          "private": "eyJlMmJmYjczMC1lY2FhLTExZTYtOGY4OC0zNDM2M2JjN2M0YzAiOnsiY3JlYXRlIjoxODAwMDAwMDAwMDAwLCJkZWxldGUiOjE4MDAwMDAwMDAwMDAsInVwZGF0ZSI6MTIwMDAwMDAwMDAwMH19",
          "dependencies": [
            "module.apigee.google_apigee_organization.org",
            "module.network.google_compute_global_address.psa_range",
            "module.network.google_compute_network.vpc",
            "module.network.google_compute_subnetwork.proxy_only_subnet",
            "module.network.google_compute_subnetwork.subnet",
            "module.network.google_service_networking_connection.private_vpc_connection",
            "module.project_services.google_project_service.services"
          ]
        }
      ]
    },
    {
      "module": "module.apigee",
      "mode": "managed",
      "type": "google_apigee_instance",
      "name": "instance",
      "provider": "provider[\"registry.terraform.io/hashicorp/google\"]",
      "instances": [
        {
          "schema_version": 0,
          "attributes": {
            "access_logging_config": [],
            "consumer_accept_list": [
              "apigeex-platform-dev",
              "dc670964e443bb68f-tp"
            ],
            "deletion_policy": "DELETE",
            "description": "",
            "disk_encryption_key_name": "",
            "display_name": "",
            "host": "172.20.85.2",
            "id": "organizations/apigeex-platform-dev/instances/apigee-instance",
            "ip_range": null,
            "location": "asia-south1",
            "name": "apigee-instance",
            "org_id": "organizations/apigeex-platform-dev",
            "peering_cidr_range": "SLASH_22",
            "port": "443",
            "service_attachment": "projects/dc670964e443bb68f-tp/regions/asia-south1/serviceAttachments/apigee-asia-south1-wlfs",
            "timeouts": null
          },
          "sensitive_attributes": [],
          "identity_schema_version": 1,
          "identity": {
            "name": "organizations/apigeex-platform-dev/instances/apigee-instance",
            "org_id": "organizations/apigeex-platform-dev"
          },
          "private": "eyJlMmJmYjczMC1lY2FhLTExZTYtOGY4OC0zNDM2M2JjN2M0YzAiOnsiY3JlYXRlIjozNjAwMDAwMDAwMDAwLCJkZWxldGUiOjM2MDAwMDAwMDAwMDAsInVwZGF0ZSI6MTIwMDAwMDAwMDAwMH0sInNjaGVtYV92ZXJzaW9uIjoiMCJ9"
        }
      ]
    },
    {
      "module": "module.apigee",
      "mode": "managed",
      "type": "google_apigee_organization",
      "name": "org",
      "provider": "provider[\"registry.terraform.io/hashicorp/google\"]",
      "instances": [
        {
          "schema_version": 0,
          "attributes": {
            "analytics_region": "asia-south1",
            "api_consumer_data_encryption_key_name": "",
            "api_consumer_data_location": "",
            "apigee_project_id": "dc670964e443bb68f-tp",
            "authorized_network": "projects/apigeex-platform-dev/global/networks/apigeex-vpc",
            "billing_type": "EVALUATION",
            "ca_certificate": "LS0tLS1CRUdJTiBDRVJUSUZJQ0FURS0tLS0tCk1JSURTakNDQWpLZ0F3SUJBZ0lSQU50SHpJaGtRSDhzYVdaYjlSTWNBWkV3RFFZSktvWklodmNOQVFFTEJRQXcKTHpFdE1Dc0dBMVVFQXhNa05UQTJPV0UyTTJNdE0yTTBaQzAwT1RsbUxXSTBOakV0TmpVM05qRTNaamRpWXpoaQpNQjRYRFRJMk1EY3hPVEE1TkRFME1Gb1hEVE0yTURjeE5qQTVOREUwTUZvd0x6RXRNQ3NHQTFVRUF4TWtOVEEyCk9XRTJNMk10TTJNMFpDMDBPVGxtTFdJME5qRXROalUzTmpFM1pqZGlZemhpTUlJQklqQU5CZ2txaGtpRzl3MEIKQVFFRkFBT0NBUThBTUlJQkNnS0NBUUVBMDVvb0J5T1JKS01aTkk2YWlXeTdZak03aUJhWkZBektLaUpzbUtSYgp6YmJYVlRKcE91b0tYaHcvTTgzR1duNmsyU213dkhvcFBuTFpHUGlHUHBUZjRxQWhoaHhMV0IrZWxlbVNldHpNCk1DWklaWjJpOXJ6cjNmTnpNOFNBZ1d0M0ZaUHZMVmlOTHo3Rkl0Qm1UMU5Wby9JbWlXRU5KRVFhRmh5ckk3QjgKNXVuODYvUUV5azJtRTJVNTBkeXcwZGRlOHl2K0JJNFlvanJUb1Q5QXcrWHEvZXdrclNFSmYzcjd5SGxuYlJmUQpXN3JIcVpIazN6ZHF4dWs2OFA2bTVDS1VBam1wMUlwV0xmZ3YrT0VaQXpqa1o2OUJjT1BydzFxNWN3V3lmMG9YCkl0YWo1L0lWR09yTm10b3cyS1dTaktPYXBFS1oyazRBbmgydUZMdkZFUUV4M3dJREFRQUJvMkV3WHpBT0JnTlYKSFE4QkFmOEVCQU1DQXFRd0hRWURWUjBsQkJZd0ZBWUlLd1lCQlFVSEF3RUdDQ3NHQVFVRkJ3TUNNQThHQTFVZApFd0VCL3dRRk1BTUJBZjh3SFFZRFZSME9CQllFRkRCTjQ5bXNObElFZXRUVmJDbjJhazhuNU5PbU1BMEdDU3FHClNJYjNEUUVCQ3dVQUE0SUJBUUN2T0hCWldyclpBTjR5SFAySkVMcmxJTWsxNXFHeTJvTWlRYXlaMElDY2ZBbnUKY0FyUHFJV1JDVzlrMXkzRENzQVpXODk2Y3M5djZEVGtVMzVZekUydjFzQXEwUEZSVHowa3ZMMUlnTkpqYklySQpwUXZtVVVYOGdmNXMrZUJPZlY2NDR2WmdJbDF6NmpBSWJ3VDVMdUpwanB6YWNGd1F6WUZ4bzZUWjNHdzZ5ODRqCkI2YThtNUQ3YitQOElSY2M3Q3F5VjNQT2J6UTdYRDBNTVVyaHdvV0VXQ2pIb0VpdmJpcE1aZTVZOTlybThpc1YKVlVaMkl2aWpLQ0UrdkFlQ3BRYnhmYmJ0a2tmckF4Q1BzanVCZkxLdWFHdHNGUEI4OGlJVVZkLzVGci9MRUVMMQpaUER1S1FOcXBCZkVoYmpNMWMzWWk1VUJQNEpHaHNBWFFITzZDcG1OCi0tLS0tRU5EIENFUlRJRklDQVRFLS0tLS0K",
            "control_plane_encryption_key_name": "",
            "deletion_policy": "DELETE",
            "description": "",
            "disable_vpc_peering": false,
            "display_name": "",
            "id": "organizations/apigeex-platform-dev",
            "name": "apigeex-platform-dev",
            "project_id": "apigeex-platform-dev",
            "properties": [
              {
                "property": [
                  {
                    "name": "features.hybrid.enabled",
                    "value": "true"
                  },
                  {
                    "name": "features.mart.connect.enabled",
                    "value": "true"
                  }
                ]
              }
            ],
            "retention": "DELETION_RETENTION_UNSPECIFIED",
            "runtime_database_encryption_key_name": "",
            "runtime_type": "CLOUD",
            "subscription_type": "TRIAL",
            "timeouts": null
          },
          "sensitive_attributes": [],
          "identity_schema_version": 1,
          "identity": {
            "name": "apigeex-platform-dev"
          },
          "private": "eyJlMmJmYjczMC1lY2FhLTExZTYtOGY4OC0zNDM2M2JjN2M0YzAiOnsiY3JlYXRlIjoyNzAwMDAwMDAwMDAwLCJkZWxldGUiOjI3MDAwMDAwMDAwMDAsInVwZGF0ZSI6MjcwMDAwMDAwMDAwMH19",
          "dependencies": [
            "module.network.google_compute_global_address.psa_range",
            "module.network.google_compute_network.vpc",
            "module.network.google_compute_subnetwork.proxy_only_subnet",
            "module.network.google_compute_subnetwork.subnet",
            "module.network.google_service_networking_connection.private_vpc_connection",
            "module.project_services.google_project_service.services"
          ]
        }
      ]
    },
    {
      "module": "module.artifact_registry",
      "mode": "managed",
      "type": "google_artifact_registry_repository",
      "name": "repository",
      "provider": "provider[\"registry.terraform.io/hashicorp/google\"]",
      "instances": [
        {
          "schema_version": 0,
          "attributes": {
            "cleanup_policies": [],
            "cleanup_policy_dry_run": false,
            "create_time": "2026-07-18T05:28:27.587644Z",
            "deletion_policy": "DELETE",
            "description": "Docker images for platform applications",
            "docker_config": [],
            "effective_labels": {
              "goog-terraform-provisioned": "true"
            },
            "format": "DOCKER",
            "id": "projects/apigeex-platform-dev/locations/asia-south1/repositories/java-apps",
            "kms_key_name": "",
            "labels": {},
            "location": "asia-south1",
            "maven_config": [],
            "mode": "STANDARD_REPOSITORY",
            "name": "java-apps",
            "project": "apigeex-platform-dev",
            "registry_uri": "asia-south1-docker.pkg.dev/apigeex-platform-dev/java-apps",
            "remote_repository_config": [],
            "repository_id": "java-apps",
            "terraform_labels": {
              "goog-terraform-provisioned": "true"
            },
            "timeouts": null,
            "update_time": "2026-07-18T05:28:27.587644Z",
            "virtual_repository_config": [],
            "vulnerability_scanning_config": [
              {
                "enablement_config": "",
                "enablement_state": "SCANNING_DISABLED",
                "enablement_state_reason": "API containerscanning.googleapis.com is not enabled."
              }
            ]
          },
          "sensitive_attributes": [],
          "identity_schema_version": 1,
          "identity": {
            "location": "asia-south1",
            "project": "apigeex-platform-dev",
            "repository_id": "java-apps"
          },
          "private": "eyJlMmJmYjczMC1lY2FhLTExZTYtOGY4OC0zNDM2M2JjN2M0YzAiOnsiY3JlYXRlIjoxMjAwMDAwMDAwMDAwLCJkZWxldGUiOjEyMDAwMDAwMDAwMDAsInVwZGF0ZSI6MTIwMDAwMDAwMDAwMH19",
          "dependencies": [
            "module.project_services.google_project_service.services"
          ]
        }
      ]
    },
    {
      "module": "module.gke",
      "mode": "managed",
      "type": "google_container_cluster",
      "name": "cluster",
      "provider": "provider[\"registry.terraform.io/hashicorp/google\"]",
      "instances": [
        {
          "schema_version": 2,
          "attributes": {
            "addons_config": [
              {
                "agent_sandbox_config": [],
                "cloudrun_config": [],
                "config_connector_config": [],
                "dns_cache_config": [
                  {
                    "enabled": true
                  }
                ],
                "gce_persistent_disk_csi_driver_config": [
                  {
                    "enabled": true
                  }
                ],
                "gcp_filestore_csi_driver_config": [],
                "gcs_fuse_csi_driver_config": [],
                "gke_backup_agent_config": [],
                "horizontal_pod_autoscaling": [],
                "http_load_balancing": [],
                "lustre_csi_driver_config": [],
                "network_policy_config": [
                  {
                    "disabled": true
                  }
                ],
                "parallelstore_csi_driver_config": [],
                "pod_snapshot_config": [],
                "ray_operator_config": [],
                "slice_controller_config": [],
                "slurm_operator_config": [],
                "stateful_ha_config": []
              }
            ],
            "allow_net_admin": null,
            "anonymous_authentication_config": [
              {
                "mode": "LIMITED"
              }
            ],
            "authenticator_groups_config": [],
            "autopilot_cluster_policy_config": [],
            "autopilot_privileged_admission": [],
            "binary_authorization": [
              {
                "enabled": false,
                "evaluation_mode": ""
              }
            ],
            "cluster_autoscaling": [
              {
                "auto_provisioning_defaults": [
                  {
                    "boot_disk_kms_key": "",
                    "disk_size": 0,
                    "disk_type": "",
                    "image_type": "COS_CONTAINERD",
                    "management": [
                      {
                        "auto_repair": true,
                        "auto_upgrade": true,
                        "upgrade_options": []
                      }
                    ],
                    "min_cpu_platform": "",
                    "oauth_scopes": [
                      "https://www.googleapis.com/auth/devstorage.read_only",
                      "https://www.googleapis.com/auth/logging.write",
                      "https://www.googleapis.com/auth/monitoring",
                      "https://www.googleapis.com/auth/service.management.readonly",
                      "https://www.googleapis.com/auth/servicecontrol",
                      "https://www.googleapis.com/auth/trace.append"
                    ],
                    "service_account": "default",
                    "shielded_instance_config": [],
                    "upgrade_settings": []
                  }
                ],
                "auto_provisioning_locations": [],
                "autoscaling_profile": "BALANCED",
                "default_compute_class_enabled": false,
                "enabled": false,
                "resource_limits": []
              }
            ],
            "cluster_ipv4_cidr": "10.80.0.0/14",
            "confidential_nodes": [],
            "control_plane_endpoints_config": [
              {
                "dns_endpoint_config": [
                  {
                    "allow_external_traffic": false,
                    "enable_k8s_certs_via_dns": false,
                    "enable_k8s_tokens_via_dns": false,
                    "endpoint": "gke-498d499d676a493f8ebcc0c48e7a7814bcbc-250000808093.asia-south1.gke.goog"
                  }
                ],
                "ip_endpoints_config": [
                  {
                    "enabled": true
                  }
                ]
              }
            ],
            "cost_management_config": [],
            "database_encryption": [
              {
                "key_name": "",
                "state": "DECRYPTED"
              }
            ],
            "datapath_provider": "",
            "dataplane_optimization_mode": null,
            "default_max_pods_per_node": 110,
            "default_snat_status": [
              {
                "disabled": false
              }
            ],
            "deletion_policy": "DELETE",
            "deletion_protection": false,
            "description": "",
            "disable_l4_lb_firewall_reconciliation": false,
            "dns_config": [],
            "effective_labels": {
              "goog-terraform-provisioned": "true"
            },
            "enable_autopilot": false,
            "enable_cilium_clusterwide_network_policy": false,
            "enable_fqdn_network_policy": false,
            "enable_intranode_visibility": false,
            "enable_k8s_beta_apis": [],
            "enable_kubernetes_alpha": false,
            "enable_l4_ilb_subsetting": false,
            "enable_legacy_abac": false,
            "enable_multi_networking": false,
            "enable_shielded_nodes": true,
            "enable_tpu": false,
            "endpoint": "34.14.223.60",
            "enterprise_config": [
              {
                "cluster_tier": "STANDARD",
                "desired_tier": ""
              }
            ],
            "fleet": [],
            "gateway_api_config": [],
            "gke_auto_upgrade_config": [],
            "id": "projects/apigeex-platform-dev/locations/asia-south1/clusters/apigeex-gke",
            "identity_service_config": [],
            "ignore_node_count_changes": null,
            "in_transit_encryption_config": "",
            "initial_node_count": 1,
            "ip_allocation_policy": [
              {
                "additional_ip_ranges_config": [],
                "additional_pod_ranges_config": [],
                "auto_ipam_config": [],
                "cluster_ipv4_cidr_block": "10.80.0.0/14",
                "cluster_secondary_range_name": "gke-apigeex-gke-pods-498d499d",
                "network_tier_config": [
                  {
                    "network_tier": "NETWORK_TIER_DEFAULT"
                  }
                ],
                "pod_cidr_overprovision_config": [
                  {
                    "disabled": false
                  }
                ],
                "services_ipv4_cidr_block": "34.118.224.0/20",
                "services_secondary_range_name": "",
                "stack_type": "IPV4"
              }
            ],
            "label_fingerprint": "78cdf2f6",
            "location": "asia-south1",
            "logging_config": [
              {
                "enable_components": [
                  "SYSTEM_COMPONENTS",
                  "WORKLOADS"
                ]
              }
            ],
            "logging_service": "logging.googleapis.com/kubernetes",
            "maintenance_policy": [],
            "master_auth": [
              {
                "client_certificate": "",
                "client_certificate_config": [
                  {
                    "issue_client_certificate": false
                  }
                ],
                "client_key": "",
                "cluster_ca_certificate": "LS0tLS1CRUdJTiBDRVJUSUZJQ0FURS0tLS0tCk1JSUVMVENDQXBXZ0F3SUJBZ0lSQUpma3V5TTRpdC9Eby85bGptUmcxaTR3RFFZSktvWklodmNOQVFFTEJRQXcKTHpFdE1Dc0dBMVVFQXhNa1ptRTVZakV4TnpjdFlqZGhaaTAwWTJGakxXSm1ZalV0Tm1OaVlXSXdNalkwTlRrMApNQ0FYRFRJMk1EY3hPREEwTlRneU5sb1lEekl3TlRZd056RXdNRFUxT0RJMldqQXZNUzB3S3dZRFZRUURFeVJtCllUbGlNVEUzTnkxaU4yRm1MVFJqWVdNdFltWmlOUzAyWTJKaFlqQXlOalExT1RRd2dnR2lNQTBHQ1NxR1NJYjMKRFFFQkFRVUFBNElCandBd2dnR0tBb0lCZ1FEQ2puWHY0bGxFMFNCeVBKNlM4REpoajZtNUNiRkhJbmlaUGsxQgphVVFSK0doSElDZzNMY2pmM0lxUHBOVHVQODdLL2FzZ3g5UitnU29GSkN2a2dIRkQwVUh0WTRxbzROT2dUMDdMCkJHT1BmdXRwYzBQbGtRcWNIb2N6SDMrTjRrN2ZKcE5kZ0duNEd4YllxcWpJR2VuQzZsZEFCV0xRaHJxbCsvdFkKU2ptYmY3Yy93MDhMMUQzWkZuY1N4dXRnWmc2MlVOS2dKR2NZV2lmTFBCdnA3NnY4SG5OQkF4U0kwcmV5bmZ0TQpPYkMzRWVNdTh3WVFnKy9XZTJ0S08xaUJZSkV6RStuT3ArY21YU3JxbGszV1FxaGRLWWQzaURNOVRVbmpSdUpiCjFkNEVBeVhkQ3ZlLzJnd0tiem52QjN5NGRjakxiSmVwSExxM3ZPR2N3RTdkVDBhNjRnZUtIc0hjRVY1ZnVtTEwKZmlZcDlEbnF1VHNOTmIxbEVIR1hoT3ZtYmw5Qm1kY1o1L01IZDk5ZzVQYmtHWHVJN3B6YUtHSGQ5aGg0V29aaQpCVSthanBDWjR4dEhOb3dldWhvcnY0dGN1MzFBQzNlRjNtOVBsS1FuSVlNcWN3dnljQXVLWGJuMCtsT3pKTjVPCjV4MjE5b1ZkK096akNsMHlMOHBuN0dmZ3ppOENBd0VBQWFOQ01FQXdEZ1lEVlIwUEFRSC9CQVFEQWdJRU1BOEcKQTFVZEV3RUIvd1FGTUFNQkFmOHdIUVlEVlIwT0JCWUVGSWd3WWxQSFpPZitud0FMSzBMcGFoZ0xUZkJFTUEwRwpDU3FHU0liM0RRRUJDd1VBQTRJQmdRQWZyTGZSRFFiRG9kZjlOaHJxZkV5SUthVno0YXBsSTkyT3FvS0p5eldkClkrSjNLdVZ1V25hdzBONTU1ajNtR2JMZGtoVUxRckVteGJFdkkvREVyeVRSOThCak5uRUtXWTBCRlJrTWdWdFIKd2hEeVh3V0lvOXYram5nZmZoM2UrSlRDbFQ4SkdlSXI5SEJYakN6SlBMM1hESDA1ZnJ4aStHTmttZ0NqY3NCSQpPWEM3aVN3VG5SV09XYjVwSmJBQW9vOVZHaHBsamdCOWNqaTFBdTJJdlhPazlIOEp6ZUJRWWVMMmNVZ2ZvalhlCm9IRDUyODQ3OUJ4UVlvRlg3TGVGMk52dGsrVjViTk1ndCtPQTlOVHFTVmRmOUNnSE0wSW16d1RhWnJEbmg1Q2IKUzFaTDNYbk9ReG91VlNBeFVYaEw2ZVJqdE9OR0FrcVk3d0VpRFZMVWErOVpGc2YwYXlBdzJGSi9NMUZTakEySQpibVVyT2NhQjlJeHp5TytPbTlnSVIyVjdyY3I0QS9VNGhBaUI4czNJYkpjdUJRSGd2eEN1UEtjT2FHYjZ3ZGJyCjlNazVsMmJ5RmJUOTN1d1NwQW1YK2tkQW4yR1lQakdueGdpMElhWmRHYXhLSzQ5bnVLWmlKLzd2UHZUN3ZiTDkKNXphditHNHBueHJJbnpqeXNmZnlXSW89Ci0tLS0tRU5EIENFUlRJRklDQVRFLS0tLS0K"
              }
            ],
            "master_authorized_networks_config": [],
            "master_version": "1.35.5-gke.1241004",
            "mesh_certificates": [],
            "min_master_version": null,
            "monitoring_config": [
              {
                "advanced_datapath_observability_config": [
                  {
                    "enable_metrics": false,
                    "enable_relay": false
                  }
                ],
                "enable_components": [
                  "SYSTEM_COMPONENTS",
                  "STORAGE",
                  "HPA",
                  "POD",
                  "DAEMONSET",
                  "DEPLOYMENT",
                  "STATEFULSET",
                  "CADVISOR",
                  "KUBELET",
                  "DCGM",
                  "JOBSET"
                ],
                "managed_prometheus": [
                  {
                    "auto_monitoring_config": [],
                    "enabled": true
                  }
                ]
              }
            ],
            "monitoring_service": "monitoring.googleapis.com/kubernetes",
            "name": "apigeex-gke",
            "network": "projects/apigeex-platform-dev/global/networks/apigeex-vpc",
            "network_performance_config": [],
            "network_policy": [
              {
                "enabled": false,
                "provider": "PROVIDER_UNSPECIFIED"
              }
            ],
            "networking_mode": "VPC_NATIVE",
            "node_config": [
              {
                "advanced_machine_features": [],
                "boot_disk": [
                  {
                    "disk_type": "pd-balanced",
                    "provisioned_iops": 0,
                    "provisioned_throughput": 0,
                    "size_gb": 100
                  }
                ],
                "boot_disk_kms_key": "",
                "confidential_nodes": [],
                "containerd_config": [],
                "disk_size_gb": 100,
                "disk_type": "pd-balanced",
                "effective_taints": [],
                "enable_confidential_storage": false,
                "ephemeral_storage_local_ssd_config": [],
                "fast_socket": [],
                "flex_start": false,
                "gcfs_config": [],
                "gpudirect_strategy": "",
                "guest_accelerator": [],
                "gvnic": [],
                "host_maintenance_policy": [],
                "image_type": "COS_CONTAINERD",
                "kubelet_config": [
                  {
                    "allowed_unsafe_sysctls": [],
                    "container_log_max_files": 0,
                    "container_log_max_size": "",
                    "cpu_cfs_quota": false,
                    "cpu_cfs_quota_period": "",
                    "cpu_manager_policy": "",
                    "crash_loop_back_off": [],
                    "eviction_max_pod_grace_period_seconds": 0,
                    "eviction_minimum_reclaim": [],
                    "eviction_soft": [],
                    "eviction_soft_grace_period": [],
                    "image_gc_high_threshold_percent": 0,
                    "image_gc_low_threshold_percent": 0,
                    "image_maximum_gc_age": "",
                    "image_minimum_gc_age": "",
                    "insecure_kubelet_readonly_port_enabled": "FALSE",
                    "max_parallel_image_pulls": 2,
                    "memory_manager": [],
                    "pod_pids_limit": 0,
                    "shutdown_grace_period_critical_pods_seconds": 0,
                    "shutdown_grace_period_seconds": 0,
                    "single_process_oom_kill": false,
                    "topology_manager": []
                  }
                ],
                "labels": {},
                "linux_node_config": [],
                "local_nvme_ssd_block_config": [],
                "local_ssd_count": 0,
                "local_ssd_encryption_mode": "",
                "logging_variant": "DEFAULT",
                "machine_type": "e2-standard-2",
                "max_run_duration": "",
                "metadata": {
                  "disable-legacy-endpoints": "true"
                },
                "min_cpu_platform": "",
                "node_group": "",
                "node_image_config": [
                  {
                    "image": "gke-1355-gke1241004-cos-125-19216-395-7-c-pre",
                    "image_project": "gke-node-images"
                  }
                ],
                "oauth_scopes": [
                  "https://www.googleapis.com/auth/cloud-platform"
                ],
                "preemptible": false,
                "reservation_affinity": [],
                "resource_labels": {
                  "goog-gke-node-pool-provisioning-model": "on-demand"
                },
                "resource_manager_tags": {},
                "sandbox_config": [],
                "secondary_boot_disks": [],
                "service_account": "default",
                "shielded_instance_config": [
                  {
                    "enable_integrity_monitoring": true,
                    "enable_secure_boot": false
                  }
                ],
                "sole_tenant_config": [],
                "spot": false,
                "storage_pools": [],
                "tags": [],
                "taint": [],
                "taint_config": [],
                "windows_node_config": [
                  {
                    "osversion": ""
                  }
                ],
                "workload_metadata_config": []
              }
            ],
            "node_creation_config": [
              {
                "node_creation_mode": "VIA_KUBELET"
              }
            ],
            "node_locations": [
              "asia-south1-a",
              "asia-south1-b",
              "asia-south1-c"
            ],
            "node_pool": [
              {
                "autoscaling": [],
                "ignore_node_count_changes": false,
                "initial_node_count": 1,
                "instance_group_urls": [
                  "https://www.googleapis.com/compute/v1/projects/apigeex-platform-dev/zones/asia-south1-b/instanceGroupManagers/gke-apigeex-gke-primary-pool-6559d241-grp",
                  "https://www.googleapis.com/compute/v1/projects/apigeex-platform-dev/zones/asia-south1-c/instanceGroupManagers/gke-apigeex-gke-primary-pool-dfab3c34-grp",
                  "https://www.googleapis.com/compute/v1/projects/apigeex-platform-dev/zones/asia-south1-a/instanceGroupManagers/gke-apigeex-gke-primary-pool-2ae0361d-grp"
                ],
                "maintenance_policy": [],
                "managed_instance_group_urls": [
                  "https://www.googleapis.com/compute/v1/projects/apigeex-platform-dev/zones/asia-south1-b/instanceGroups/gke-apigeex-gke-primary-pool-6559d241-grp",
                  "https://www.googleapis.com/compute/v1/projects/apigeex-platform-dev/zones/asia-south1-c/instanceGroups/gke-apigeex-gke-primary-pool-dfab3c34-grp",
                  "https://www.googleapis.com/compute/v1/projects/apigeex-platform-dev/zones/asia-south1-a/instanceGroups/gke-apigeex-gke-primary-pool-2ae0361d-grp"
                ],
                "management": [
                  {
                    "auto_repair": true,
                    "auto_upgrade": true
                  }
                ],
                "max_pods_per_node": 110,
                "name": "primary-pool",
                "name_prefix": "",
                "network_config": [
                  {
                    "accelerator_network_profile": "",
                    "additional_node_network_configs": [],
                    "additional_pod_network_configs": [],
                    "create_pod_range": false,
                    "enable_private_nodes": false,
                    "network_performance_config": [],
                    "pod_cidr_overprovision_config": [],
                    "pod_ipv4_cidr_block": "10.80.0.0/14",
                    "pod_range": "gke-apigeex-gke-pods-498d499d",
                    "subnetwork": "projects/apigeex-platform-dev/regions/asia-south1/subnetworks/apigeex-subnet"
                  }
                ],
                "node_config": [
                  {
                    "advanced_machine_features": [],
                    "boot_disk": [
                      {
                        "disk_type": "pd-balanced",
                        "provisioned_iops": 0,
                        "provisioned_throughput": 0,
                        "size_gb": 100
                      }
                    ],
                    "boot_disk_kms_key": "",
                    "confidential_nodes": [],
                    "containerd_config": [],
                    "disk_size_gb": 100,
                    "disk_type": "pd-balanced",
                    "effective_taints": [],
                    "enable_confidential_storage": false,
                    "ephemeral_storage_local_ssd_config": [],
                    "fast_socket": [],
                    "flex_start": false,
                    "gcfs_config": [],
                    "gpudirect_strategy": "",
                    "guest_accelerator": [],
                    "gvnic": [],
                    "host_maintenance_policy": [],
                    "image_type": "COS_CONTAINERD",
                    "kubelet_config": [
                      {
                        "allowed_unsafe_sysctls": [],
                        "container_log_max_files": 0,
                        "container_log_max_size": "",
                        "cpu_cfs_quota": false,
                        "cpu_cfs_quota_period": "",
                        "cpu_manager_policy": "",
                        "crash_loop_back_off": [],
                        "eviction_max_pod_grace_period_seconds": 0,
                        "eviction_minimum_reclaim": [],
                        "eviction_soft": [],
                        "eviction_soft_grace_period": [],
                        "image_gc_high_threshold_percent": 0,
                        "image_gc_low_threshold_percent": 0,
                        "image_maximum_gc_age": "",
                        "image_minimum_gc_age": "",
                        "insecure_kubelet_readonly_port_enabled": "FALSE",
                        "max_parallel_image_pulls": 2,
                        "memory_manager": [],
                        "pod_pids_limit": 0,
                        "shutdown_grace_period_critical_pods_seconds": 0,
                        "shutdown_grace_period_seconds": 0,
                        "single_process_oom_kill": false,
                        "topology_manager": []
                      }
                    ],
                    "labels": {},
                    "linux_node_config": [],
                    "local_nvme_ssd_block_config": [],
                    "local_ssd_count": 0,
                    "local_ssd_encryption_mode": "",
                    "logging_variant": "DEFAULT",
                    "machine_type": "e2-standard-2",
                    "max_run_duration": "",
                    "metadata": {
                      "disable-legacy-endpoints": "true"
                    },
                    "min_cpu_platform": "",
                    "node_group": "",
                    "node_image_config": [
                      {
                        "image": "gke-1355-gke1241004-cos-125-19216-395-7-c-pre",
                        "image_project": "gke-node-images"
                      }
                    ],
                    "oauth_scopes": [
                      "https://www.googleapis.com/auth/cloud-platform"
                    ],
                    "preemptible": false,
                    "reservation_affinity": [],
                    "resource_labels": {
                      "goog-gke-node-pool-provisioning-model": "on-demand"
                    },
                    "resource_manager_tags": {},
                    "sandbox_config": [],
                    "secondary_boot_disks": [],
                    "service_account": "default",
                    "shielded_instance_config": [
                      {
                        "enable_integrity_monitoring": true,
                        "enable_secure_boot": false
                      }
                    ],
                    "sole_tenant_config": [],
                    "spot": false,
                    "storage_pools": [],
                    "tags": [],
                    "taint": [],
                    "taint_config": [],
                    "windows_node_config": [
                      {
                        "osversion": ""
                      }
                    ],
                    "workload_metadata_config": []
                  }
                ],
                "node_count": 1,
                "node_drain_config": [],
                "node_locations": [
                  "asia-south1-a",
                  "asia-south1-b",
                  "asia-south1-c"
                ],
                "placement_policy": [],
                "queued_provisioning": [],
                "upgrade_settings": [
                  {
                    "blue_green_settings": [],
                    "max_surge": 1,
                    "max_unavailable": 0,
                    "strategy": "SURGE"
                  }
                ],
                "version": "1.35.5-gke.1241004"
              }
            ],
            "node_pool_auto_config": [
              {
                "linux_node_config": [],
                "network_tags": [],
                "node_kubelet_config": [
                  {
                    "insecure_kubelet_readonly_port_enabled": "FALSE"
                  }
                ],
                "resource_manager_tags": {}
              }
            ],
            "node_pool_defaults": [
              {
                "node_config_defaults": [
                  {
                    "containerd_config": [],
                    "gcfs_config": [],
                    "insecure_kubelet_readonly_port_enabled": "FALSE",
                    "logging_variant": "DEFAULT"
                  }
                ]
              }
            ],
            "node_version": "1.35.5-gke.1241004",
            "notification_config": [
              {
                "pubsub": [
                  {
                    "enabled": false,
                    "filter": [],
                    "topic": ""
                  }
                ]
              }
            ],
            "operation": null,
            "pod_autoscaling": [
              {
                "hpa_profile": "PERFORMANCE"
              }
            ],
            "private_cluster_config": [
              {
                "enable_private_endpoint": false,
                "enable_private_nodes": false,
                "master_global_access_config": [
                  {
                    "enabled": false
                  }
                ],
                "master_ipv4_cidr_block": "",
                "peering_name": "",
                "private_endpoint": "10.10.0.2",
                "private_endpoint_subnetwork": "",
                "public_endpoint": "34.14.223.60"
              }
            ],
            "private_ipv6_google_access": "",
            "project": "apigeex-platform-dev",
            "rbac_binding_config": [
              {
                "enable_insecure_binding_system_authenticated": true,
                "enable_insecure_binding_system_unauthenticated": true
              }
            ],
            "release_channel": [
              {
                "channel": "REGULAR"
              }
            ],
            "remove_default_node_pool": true,
            "resource_labels": {},
            "resource_usage_export_config": [],
            "secret_manager_config": [
              {
                "enabled": false,
                "rotation_config": []
              }
            ],
            "secret_sync_config": [
              {
                "enabled": false,
                "rotation_config": []
              }
            ],
            "security_posture_config": [
              {
                "mode": "BASIC",
                "vulnerability_mode": "VULNERABILITY_MODE_UNSPECIFIED"
              }
            ],
            "self_link": "https://container.googleapis.com/v1/projects/apigeex-platform-dev/locations/asia-south1/clusters/apigeex-gke",
            "service_external_ips_config": [
              {
                "enabled": false
              }
            ],
            "services_ipv4_cidr": "34.118.224.0/20",
            "skip_node_pool_refresh": null,
            "subnetwork": "projects/apigeex-platform-dev/regions/asia-south1/subnetworks/apigeex-subnet",
            "terraform_labels": {
              "goog-terraform-provisioned": "true"
            },
            "timeouts": null,
            "tpu_ipv4_cidr_block": "",
            "user_managed_keys_config": [],
            "vertical_pod_autoscaling": [],
            "workload_identity_config": []
          },
          "sensitive_attributes": [
            [
              {
                "type": "get_attr",
                "value": "master_auth"
              },
              {
                "type": "index",
                "value": {
                  "value": 0,
                  "type": "number"
                }
              },
              {
                "type": "get_attr",
                "value": "client_key"
              }
            ]
          ],
          "identity_schema_version": 0,
          "private": "eyJlMmJmYjczMC1lY2FhLTExZTYtOGY4OC0zNDM2M2JjN2M0YzAiOnsiY3JlYXRlIjo1NDAwMDAwMDAwMDAwLCJkZWxldGUiOjU0MDAwMDAwMDAwMDAsInJlYWQiOjU0MDAwMDAwMDAwMDAsInVwZGF0ZSI6NTQwMDAwMDAwMDAwMH0sInNjaGVtYV92ZXJzaW9uIjoiMiJ9",
          "dependencies": [
            "module.network.google_compute_global_address.psa_range",
            "module.network.google_compute_network.vpc",
            "module.network.google_compute_subnetwork.proxy_only_subnet",
            "module.network.google_compute_subnetwork.subnet",
            "module.network.google_service_networking_connection.private_vpc_connection",
            "module.project_services.google_project_service.services"
          ]
        }
      ]
    },
    {
      "module": "module.gke",
      "mode": "managed",
      "type": "google_container_node_pool",
      "name": "primary",
      "provider": "provider[\"registry.terraform.io/hashicorp/google\"]",
      "instances": [
        {
          "schema_version": 1,
          "attributes": {
            "autoscaling": [],
            "cluster": "apigeex-gke",
            "deletion_policy": "DELETE",
            "id": "projects/apigeex-platform-dev/locations/asia-south1/clusters/apigeex-gke/nodePools/primary-pool",
            "ignore_node_count_changes": null,
            "initial_node_count": 1,
            "instance_group_urls": [
              "https://www.googleapis.com/compute/v1/projects/apigeex-platform-dev/zones/asia-south1-b/instanceGroupManagers/gke-apigeex-gke-primary-pool-6559d241-grp",
              "https://www.googleapis.com/compute/v1/projects/apigeex-platform-dev/zones/asia-south1-c/instanceGroupManagers/gke-apigeex-gke-primary-pool-dfab3c34-grp",
              "https://www.googleapis.com/compute/v1/projects/apigeex-platform-dev/zones/asia-south1-a/instanceGroupManagers/gke-apigeex-gke-primary-pool-2ae0361d-grp"
            ],
            "location": "asia-south1",
            "maintenance_policy": [],
            "managed_instance_group_urls": [
              "https://www.googleapis.com/compute/v1/projects/apigeex-platform-dev/zones/asia-south1-b/instanceGroups/gke-apigeex-gke-primary-pool-6559d241-grp",
              "https://www.googleapis.com/compute/v1/projects/apigeex-platform-dev/zones/asia-south1-c/instanceGroups/gke-apigeex-gke-primary-pool-dfab3c34-grp",
              "https://www.googleapis.com/compute/v1/projects/apigeex-platform-dev/zones/asia-south1-a/instanceGroups/gke-apigeex-gke-primary-pool-2ae0361d-grp"
            ],
            "management": [
              {
                "auto_repair": true,
                "auto_upgrade": true
              }
            ],
            "max_pods_per_node": 110,
            "name": "primary-pool",
            "name_prefix": "",
            "network_config": [
              {
                "accelerator_network_profile": "",
                "additional_node_network_configs": [],
                "additional_pod_network_configs": [],
                "create_pod_range": false,
                "enable_private_nodes": false,
                "network_performance_config": [],
                "pod_cidr_overprovision_config": [],
                "pod_ipv4_cidr_block": "10.80.0.0/14",
                "pod_range": "gke-apigeex-gke-pods-498d499d",
                "subnetwork": "projects/apigeex-platform-dev/regions/asia-south1/subnetworks/apigeex-subnet"
              }
            ],
            "node_config": [
              {
                "advanced_machine_features": [],
                "boot_disk": [
                  {
                    "disk_type": "pd-balanced",
                    "provisioned_iops": 0,
                    "provisioned_throughput": 0,
                    "size_gb": 100
                  }
                ],
                "boot_disk_kms_key": "",
                "confidential_nodes": [],
                "containerd_config": [],
                "disk_size_gb": 100,
                "disk_type": "pd-balanced",
                "effective_taints": [],
                "enable_confidential_storage": false,
                "ephemeral_storage_local_ssd_config": [],
                "fast_socket": [],
                "flex_start": false,
                "gcfs_config": [],
                "gpudirect_strategy": "",
                "guest_accelerator": [],
                "gvnic": [],
                "host_maintenance_policy": [],
                "image_type": "COS_CONTAINERD",
                "kubelet_config": [
                  {
                    "allowed_unsafe_sysctls": [],
                    "container_log_max_files": 0,
                    "container_log_max_size": "",
                    "cpu_cfs_quota": false,
                    "cpu_cfs_quota_period": "",
                    "cpu_manager_policy": "",
                    "crash_loop_back_off": [],
                    "eviction_max_pod_grace_period_seconds": 0,
                    "eviction_minimum_reclaim": [],
                    "eviction_soft": [],
                    "eviction_soft_grace_period": [],
                    "image_gc_high_threshold_percent": 0,
                    "image_gc_low_threshold_percent": 0,
                    "image_maximum_gc_age": "",
                    "image_minimum_gc_age": "",
                    "insecure_kubelet_readonly_port_enabled": "FALSE",
                    "max_parallel_image_pulls": 2,
                    "memory_manager": [],
                    "pod_pids_limit": 0,
                    "shutdown_grace_period_critical_pods_seconds": 0,
                    "shutdown_grace_period_seconds": 0,
                    "single_process_oom_kill": false,
                    "topology_manager": []
                  }
                ],
                "labels": {},
                "linux_node_config": [],
                "local_nvme_ssd_block_config": [],
                "local_ssd_count": 0,
                "local_ssd_encryption_mode": "",
                "logging_variant": "DEFAULT",
                "machine_type": "e2-standard-2",
                "max_run_duration": "",
                "metadata": {
                  "disable-legacy-endpoints": "true"
                },
                "min_cpu_platform": "",
                "node_group": "",
                "node_image_config": [
                  {
                    "image": "gke-1355-gke1241004-cos-125-19216-395-7-c-pre",
                    "image_project": "gke-node-images"
                  }
                ],
                "oauth_scopes": [
                  "https://www.googleapis.com/auth/cloud-platform"
                ],
                "preemptible": false,
                "reservation_affinity": [],
                "resource_labels": {
                  "goog-gke-node-pool-provisioning-model": "on-demand"
                },
                "resource_manager_tags": {},
                "sandbox_config": [],
                "secondary_boot_disks": [],
                "service_account": "default",
                "shielded_instance_config": [
                  {
                    "enable_integrity_monitoring": true,
                    "enable_secure_boot": false
                  }
                ],
                "sole_tenant_config": [],
                "spot": false,
                "storage_pools": [],
                "tags": [],
                "taint": [],
                "taint_config": [],
                "windows_node_config": [
                  {
                    "osversion": ""
                  }
                ],
                "workload_metadata_config": []
              }
            ],
            "node_count": 1,
            "node_drain_config": [],
            "node_locations": [
              "asia-south1-a",
              "asia-south1-b",
              "asia-south1-c"
            ],
            "operation": null,
            "placement_policy": [],
            "project": "apigeex-platform-dev",
            "queued_provisioning": [],
            "timeouts": null,
            "upgrade_settings": [
              {
                "blue_green_settings": [],
                "max_surge": 1,
                "max_unavailable": 0,
                "strategy": "SURGE"
              }
            ],
            "version": "1.35.5-gke.1241004"
          },
          "sensitive_attributes": [],
          "identity_schema_version": 0,
          "private": "eyJlMmJmYjczMC1lY2FhLTExZTYtOGY4OC0zNDM2M2JjN2M0YzAiOnsiY3JlYXRlIjozNjAwMDAwMDAwMDAwLCJkZWxldGUiOjM2MDAwMDAwMDAwMDAsInVwZGF0ZSI6MzYwMDAwMDAwMDAwMH0sInNjaGVtYV92ZXJzaW9uIjoiMSJ9",
          "dependencies": [
            "module.gke.google_container_cluster.cluster",
            "module.network.google_compute_global_address.psa_range",
            "module.network.google_compute_network.vpc",
            "module.network.google_compute_subnetwork.proxy_only_subnet",
            "module.network.google_compute_subnetwork.subnet",
            "module.network.google_service_networking_connection.private_vpc_connection",
            "module.project_services.google_project_service.services"
          ]
        }
      ]
    },
    {
      "module": "module.network",
      "mode": "managed",
      "type": "google_compute_global_address",
      "name": "psa_range",
      "provider": "provider[\"registry.terraform.io/hashicorp/google\"]",
      "instances": [
        {
          "schema_version": 0,
          "attributes": {
            "address": "172.20.84.0",
            "address_type": "INTERNAL",
            "creation_timestamp": "2026-07-17T22:28:26.255-07:00",
            "deletion_policy": "DELETE",
            "description": "",
            "effective_labels": {
              "goog-terraform-provisioned": "true"
            },
            "id": "projects/apigeex-platform-dev/global/addresses/apigee-range",
            "ip_version": "",
            "label_fingerprint": "vezUS-42LLM=",
            "labels": {},
            "name": "apigee-range",
            "network": "https://www.googleapis.com/compute/v1/projects/apigeex-platform-dev/global/networks/apigeex-vpc",
            "prefix_length": 22,
            "project": "apigeex-platform-dev",
            "purpose": "VPC_PEERING",
            "self_link": "https://www.googleapis.com/compute/v1/projects/apigeex-platform-dev/global/addresses/apigee-range",
            "terraform_labels": {
              "goog-terraform-provisioned": "true"
            },
            "timeouts": null
          },
          "sensitive_attributes": [],
          "identity_schema_version": 1,
          "identity": {
            "name": "apigee-range",
            "project": "apigeex-platform-dev"
          },
          "private": "eyJlMmJmYjczMC1lY2FhLTExZTYtOGY4OC0zNDM2M2JjN2M0YzAiOnsiY3JlYXRlIjoxMjAwMDAwMDAwMDAwLCJkZWxldGUiOjEyMDAwMDAwMDAwMDAsInVwZGF0ZSI6MTIwMDAwMDAwMDAwMH19",
          "dependencies": [
            "module.network.google_compute_network.vpc",
            "module.project_services.google_project_service.services"
          ]
        }
      ]
    },
    {
      "module": "module.network",
      "mode": "managed",
      "type": "google_compute_network",
      "name": "vpc",
      "provider": "provider[\"registry.terraform.io/hashicorp/google\"]",
      "instances": [
        {
          "schema_version": 0,
          "attributes": {
            "auto_create_subnetworks": false,
            "bgp_always_compare_med": false,
            "bgp_best_path_selection_mode": "LEGACY",
            "bgp_inter_region_cost": "",
            "delete_bgp_always_compare_med": false,
            "delete_default_routes_on_create": false,
            "deletion_policy": "DELETE",
            "description": "",
            "enable_ula_internal_ipv6": false,
            "gateway_ipv4": "",
            "id": "projects/apigeex-platform-dev/global/networks/apigeex-vpc",
            "internal_ipv6_range": "",
            "mtu": 0,
            "name": "apigeex-vpc",
            "network_firewall_policy_enforcement_order": "AFTER_CLASSIC_FIREWALL",
            "network_id": "4585594412967833603",
            "network_profile": "",
            "numeric_id": "4585594412967833603",
            "params": [],
            "project": "apigeex-platform-dev",
            "routing_mode": "REGIONAL",
            "self_link": "https://www.googleapis.com/compute/v1/projects/apigeex-platform-dev/global/networks/apigeex-vpc",
            "timeouts": null
          },
          "sensitive_attributes": [],
          "identity_schema_version": 1,
          "identity": {
            "name": "apigeex-vpc",
            "project": "apigeex-platform-dev"
          },
          "private": "eyJlMmJmYjczMC1lY2FhLTExZTYtOGY4OC0zNDM2M2JjN2M0YzAiOnsiY3JlYXRlIjoxMjAwMDAwMDAwMDAwLCJkZWxldGUiOjEyMDAwMDAwMDAwMDAsInVwZGF0ZSI6MTIwMDAwMDAwMDAwMH19",
          "dependencies": [
            "module.project_services.google_project_service.services"
          ]
        }
      ]
    },
    {
      "module": "module.network",
      "mode": "managed",
      "type": "google_compute_subnetwork",
      "name": "proxy_only_subnet",
      "provider": "provider[\"registry.terraform.io/hashicorp/google\"]",
      "instances": [
        {
          "schema_version": 0,
          "attributes": {
            "allow_subnet_cidr_routes_overlap": false,
            "creation_timestamp": "2026-07-17T22:28:27.723-07:00",
            "deletion_policy": "DELETE",
            "description": "",
            "external_ipv6_prefix": "",
            "fingerprint": null,
            "gateway_address": "10.60.0.1",
            "id": "projects/apigeex-platform-dev/regions/asia-south1/subnetworks/gke-gateway-proxy-only-subnet",
            "internal_ipv6_prefix": "",
            "ip_cidr_range": "10.60.0.0/23",
            "ip_collection": "",
            "ipv6_access_type": "",
            "ipv6_cidr_range": "",
            "ipv6_gce_endpoint": "",
            "log_config": [],
            "name": "gke-gateway-proxy-only-subnet",
            "network": "https://www.googleapis.com/compute/v1/projects/apigeex-platform-dev/global/networks/apigeex-vpc",
            "params": [],
            "private_ip_google_access": false,
            "private_ipv6_google_access": "DISABLE_GOOGLE_ACCESS",
            "project": "apigeex-platform-dev",
            "purpose": "REGIONAL_MANAGED_PROXY",
            "region": "asia-south1",
            "reserved_internal_range": "",
            "resolve_subnet_mask": "",
            "role": "ACTIVE",
            "secondary_ip_range": [],
            "self_link": "https://www.googleapis.com/compute/v1/projects/apigeex-platform-dev/regions/asia-south1/subnetworks/gke-gateway-proxy-only-subnet",
            "send_secondary_ip_range_if_empty": null,
            "stack_type": "",
            "state": "READY",
            "subnetwork_id": 3661585967929012244,
            "timeouts": null
          },
          "sensitive_attributes": [],
          "identity_schema_version": 1,
          "identity": {
            "name": "gke-gateway-proxy-only-subnet",
            "project": "apigeex-platform-dev",
            "region": "asia-south1"
          },
          "private": "eyJlMmJmYjczMC1lY2FhLTExZTYtOGY4OC0zNDM2M2JjN2M0YzAiOnsiY3JlYXRlIjoxMjAwMDAwMDAwMDAwLCJkZWxldGUiOjEyMDAwMDAwMDAwMDAsInVwZGF0ZSI6MTIwMDAwMDAwMDAwMH19",
          "dependencies": [
            "module.network.google_compute_network.vpc",
            "module.project_services.google_project_service.services"
          ]
        }
      ]
    },
    {
      "module": "module.network",
      "mode": "managed",
      "type": "google_compute_subnetwork",
      "name": "subnet",
      "provider": "provider[\"registry.terraform.io/hashicorp/google\"]",
      "instances": [
        {
          "schema_version": 0,
          "attributes": {
            "allow_subnet_cidr_routes_overlap": false,
            "creation_timestamp": "2026-07-17T22:28:32.109-07:00",
            "deletion_policy": "DELETE",
            "description": "",
            "external_ipv6_prefix": "",
            "fingerprint": null,
            "gateway_address": "10.10.0.1",
            "id": "projects/apigeex-platform-dev/regions/asia-south1/subnetworks/apigeex-subnet",
            "internal_ipv6_prefix": "",
            "ip_cidr_range": "10.10.0.0/24",
            "ip_collection": "",
            "ipv6_access_type": "",
            "ipv6_cidr_range": "",
            "ipv6_gce_endpoint": "",
            "log_config": [],
            "name": "apigeex-subnet",
            "network": "https://www.googleapis.com/compute/v1/projects/apigeex-platform-dev/global/networks/apigeex-vpc",
            "params": [],
            "private_ip_google_access": true,
            "private_ipv6_google_access": "DISABLE_GOOGLE_ACCESS",
            "project": "apigeex-platform-dev",
            "purpose": "PRIVATE",
            "region": "asia-south1",
            "reserved_internal_range": "",
            "resolve_subnet_mask": "",
            "role": "",
            "secondary_ip_range": [
              {
                "ip_cidr_range": "10.80.0.0/14",
                "range_name": "gke-apigeex-gke-pods-498d499d",
                "reserved_internal_range": "networkconnectivity.googleapis.com/projects/apigeex-platform-dev/locations/global/internalRanges/gke-apigeex-gke-pods-498d499d"
              }
            ],
            "self_link": "https://www.googleapis.com/compute/v1/projects/apigeex-platform-dev/regions/asia-south1/subnetworks/apigeex-subnet",
            "send_secondary_ip_range_if_empty": null,
            "stack_type": "IPV4_ONLY",
            "state": "",
            "subnetwork_id": 5758181176958693871,
            "timeouts": null
          },
          "sensitive_attributes": [],
          "identity_schema_version": 1,
          "identity": {
            "name": "apigeex-subnet",
            "project": "apigeex-platform-dev",
            "region": "asia-south1"
          },
          "private": "eyJlMmJmYjczMC1lY2FhLTExZTYtOGY4OC0zNDM2M2JjN2M0YzAiOnsiY3JlYXRlIjoxMjAwMDAwMDAwMDAwLCJkZWxldGUiOjEyMDAwMDAwMDAwMDAsInVwZGF0ZSI6MTIwMDAwMDAwMDAwMH19",
          "dependencies": [
            "module.network.google_compute_network.vpc",
            "module.project_services.google_project_service.services"
          ]
        }
      ]
    },
    {
      "module": "module.network",
      "mode": "managed",
      "type": "google_service_networking_connection",
      "name": "private_vpc_connection",
      "provider": "provider[\"registry.terraform.io/hashicorp/google\"]",
      "instances": [
        {
          "schema_version": 0,
          "attributes": {
            "deletion_policy": "DELETE",
            "id": "projects%2Fapigeex-platform-dev%2Fglobal%2Fnetworks%2Fapigeex-vpc:servicenetworking.googleapis.com",
            "network": "projects/apigeex-platform-dev/global/networks/apigeex-vpc",
            "peering": "servicenetworking-googleapis-com",
            "reserved_peering_ranges": [
              "apigee-range"
            ],
            "service": "servicenetworking.googleapis.com",
            "timeouts": null,
            "update_on_creation_fail": null
          },
          "sensitive_attributes": [],
          "identity_schema_version": 0,
          "private": "eyJlMmJmYjczMC1lY2FhLTExZTYtOGY4OC0zNDM2M2JjN2M0YzAiOnsiY3JlYXRlIjo2MDAwMDAwMDAwMDAsImRlbGV0ZSI6NjAwMDAwMDAwMDAwLCJ1cGRhdGUiOjYwMDAwMDAwMDAwMH19",
          "dependencies": [
            "module.network.google_compute_global_address.psa_range",
            "module.network.google_compute_network.vpc",
            "module.project_services.google_project_service.services"
          ]
        }
      ]
    },
    {
      "module": "module.project_services",
      "mode": "managed",
      "type": "google_project_service",
      "name": "services",
      "provider": "provider[\"registry.terraform.io/hashicorp/google\"]",
      "instances": [
        {
          "index_key": "apigee.googleapis.com",
          "schema_version": 0,
          "attributes": {
            "deletion_policy": "DELETE",
            "disable_dependent_services": null,
            "disable_on_destroy": false,
            "id": "apigeex-platform-dev/apigee.googleapis.com",
            "project": "apigeex-platform-dev",
            "service": "apigee.googleapis.com",
            "timeouts": null
          },
          "sensitive_attributes": [],
          "identity_schema_version": 1,
          "identity": {
            "project": "apigeex-platform-dev",
            "service": "apigee.googleapis.com"
          },
          "private": "eyJlMmJmYjczMC1lY2FhLTExZTYtOGY4OC0zNDM2M2JjN2M0YzAiOnsiY3JlYXRlIjoxMjAwMDAwMDAwMDAwLCJkZWxldGUiOjEyMDAwMDAwMDAwMDAsInJlYWQiOjYwMDAwMDAwMDAwMCwidXBkYXRlIjoxMjAwMDAwMDAwMDAwfX0="
        },
        {
          "index_key": "artifactregistry.googleapis.com",
          "schema_version": 0,
          "attributes": {
            "deletion_policy": "DELETE",
            "disable_dependent_services": null,
            "disable_on_destroy": false,
            "id": "apigeex-platform-dev/artifactregistry.googleapis.com",
            "project": "apigeex-platform-dev",
            "service": "artifactregistry.googleapis.com",
            "timeouts": null
          },
          "sensitive_attributes": [],
          "identity_schema_version": 1,
          "identity": {
            "project": "apigeex-platform-dev",
            "service": "artifactregistry.googleapis.com"
          },
          "private": "eyJlMmJmYjczMC1lY2FhLTExZTYtOGY4OC0zNDM2M2JjN2M0YzAiOnsiY3JlYXRlIjoxMjAwMDAwMDAwMDAwLCJkZWxldGUiOjEyMDAwMDAwMDAwMDAsInJlYWQiOjYwMDAwMDAwMDAwMCwidXBkYXRlIjoxMjAwMDAwMDAwMDAwfX0="
        },
        {
          "index_key": "cloudresourcemanager.googleapis.com",
          "schema_version": 0,
          "attributes": {
            "deletion_policy": "DELETE",
            "disable_dependent_services": null,
            "disable_on_destroy": false,
            "id": "apigeex-platform-dev/cloudresourcemanager.googleapis.com",
            "project": "apigeex-platform-dev",
            "service": "cloudresourcemanager.googleapis.com",
            "timeouts": null
          },
          "sensitive_attributes": [],
          "identity_schema_version": 1,
          "identity": {
            "project": "apigeex-platform-dev",
            "service": "cloudresourcemanager.googleapis.com"
          },
          "private": "eyJlMmJmYjczMC1lY2FhLTExZTYtOGY4OC0zNDM2M2JjN2M0YzAiOnsiY3JlYXRlIjoxMjAwMDAwMDAwMDAwLCJkZWxldGUiOjEyMDAwMDAwMDAwMDAsInJlYWQiOjYwMDAwMDAwMDAwMCwidXBkYXRlIjoxMjAwMDAwMDAwMDAwfX0="
        },
        {
          "index_key": "compute.googleapis.com",
          "schema_version": 0,
          "attributes": {
            "deletion_policy": "DELETE",
            "disable_dependent_services": null,
            "disable_on_destroy": false,
            "id": "apigeex-platform-dev/compute.googleapis.com",
            "project": "apigeex-platform-dev",
            "service": "compute.googleapis.com",
            "timeouts": null
          },
          "sensitive_attributes": [],
          "identity_schema_version": 1,
          "identity": {
            "project": "apigeex-platform-dev",
            "service": "compute.googleapis.com"
          },
          "private": "eyJlMmJmYjczMC1lY2FhLTExZTYtOGY4OC0zNDM2M2JjN2M0YzAiOnsiY3JlYXRlIjoxMjAwMDAwMDAwMDAwLCJkZWxldGUiOjEyMDAwMDAwMDAwMDAsInJlYWQiOjYwMDAwMDAwMDAwMCwidXBkYXRlIjoxMjAwMDAwMDAwMDAwfX0="
        },
        {
          "index_key": "container.googleapis.com",
          "schema_version": 0,
          "attributes": {
            "deletion_policy": "DELETE",
            "disable_dependent_services": null,
            "disable_on_destroy": false,
            "id": "apigeex-platform-dev/container.googleapis.com",
            "project": "apigeex-platform-dev",
            "service": "container.googleapis.com",
            "timeouts": null
          },
          "sensitive_attributes": [],
          "identity_schema_version": 1,
          "identity": {
            "project": "apigeex-platform-dev",
            "service": "container.googleapis.com"
          },
          "private": "eyJlMmJmYjczMC1lY2FhLTExZTYtOGY4OC0zNDM2M2JjN2M0YzAiOnsiY3JlYXRlIjoxMjAwMDAwMDAwMDAwLCJkZWxldGUiOjEyMDAwMDAwMDAwMDAsInJlYWQiOjYwMDAwMDAwMDAwMCwidXBkYXRlIjoxMjAwMDAwMDAwMDAwfX0="
        },
        {
          "index_key": "servicenetworking.googleapis.com",
          "schema_version": 0,
          "attributes": {
            "deletion_policy": "DELETE",
            "disable_dependent_services": null,
            "disable_on_destroy": false,
            "id": "apigeex-platform-dev/servicenetworking.googleapis.com",
            "project": "apigeex-platform-dev",
            "service": "servicenetworking.googleapis.com",
            "timeouts": null
          },
          "sensitive_attributes": [],
          "identity_schema_version": 1,
          "identity": {
            "project": "apigeex-platform-dev",
            "service": "servicenetworking.googleapis.com"
          },
          "private": "eyJlMmJmYjczMC1lY2FhLTExZTYtOGY4OC0zNDM2M2JjN2M0YzAiOnsiY3JlYXRlIjoxMjAwMDAwMDAwMDAwLCJkZWxldGUiOjEyMDAwMDAwMDAwMDAsInJlYWQiOjYwMDAwMDAwMDAwMCwidXBkYXRlIjoxMjAwMDAwMDAwMDAwfX0="
        },
        {
          "index_key": "serviceusage.googleapis.com",
          "schema_version": 0,
          "attributes": {
            "deletion_policy": "DELETE",
            "disable_dependent_services": null,
            "disable_on_destroy": false,
            "id": "apigeex-platform-dev/serviceusage.googleapis.com",
            "project": "apigeex-platform-dev",
            "service": "serviceusage.googleapis.com",
            "timeouts": null
          },
          "sensitive_attributes": [],
          "identity_schema_version": 1,
          "identity": {
            "project": "apigeex-platform-dev",
            "service": "serviceusage.googleapis.com"
          },
          "private": "eyJlMmJmYjczMC1lY2FhLTExZTYtOGY4OC0zNDM2M2JjN2M0YzAiOnsiY3JlYXRlIjoxMjAwMDAwMDAwMDAwLCJkZWxldGUiOjEyMDAwMDAwMDAwMDAsInJlYWQiOjYwMDAwMDAwMDAwMCwidXBkYXRlIjoxMjAwMDAwMDAwMDAwfX0="
        }
      ]
    }
  ],
  "check_results": null
}
